PODS:
  - Amplify (1.30.8):
    - Amplify/Default (= 1.30.8)
  - Amplify/Default (1.30.8)
  - AmplifyPlugins/AWSCognitoAuthPlugin (1.30.8):
    - AWSAuthCore (~> 2.34.0)
    - AWSCognitoIdentityProvider (~> 2.34.0)
    - AWSCognitoIdentityProviderASF (~> 2.34.0)
    - AWSCore (~> 2.34.0)
    - AWSMobileClient (~> 2.34.0)
    - AWSPluginsCore (= 1.30.8)
  - AWSAuthCore (2.34.2):
    - AWSCore (= 2.34.2)
  - AWSAuthUI (2.34.2):
    - AWSAuthCore (= 2.34.2)
    - AWSCore (= 2.34.2)
  - AWSCognitoIdentityProvider (2.34.2):
    - AWSCognitoIdentityProviderASF (= 2.34.2)
    - AWSCore (= 2.34.2)
  - AWSCognitoIdentityProviderASF (2.34.2):
    - AWSCore (= 2.34.2)
  - AWSCore (2.34.2)
  - AWSDynamoDB (2.34.2):
    - AWSCore (= 2.34.2)
  - AWSMobileClient (2.34.2):
    - AWSAuthCore (= 2.34.2)
    - AWSCognitoIdentityProvider (= 2.34.2)
    - AWSCognitoIdentityProviderASF (= 2.34.2)
    - AWSCore (= 2.34.2)
  - AWSPluginsCore (1.30.8):
    - Amplify (= 1.30.8)
    - AWSCore (~> 2.34.0)
  - AWSS3 (2.34.2):
    - AWSCore (= 2.34.2)
  - AWSUserPoolsSignIn (2.34.2):
    - AWSAuthCore (= 2.34.2)
    - AWSCognitoIdentityProvider (= 2.34.2)
    - AWSCore (= 2.34.2)

DEPENDENCIES:
  - Amplify
  - AmplifyPlugins/AWSCognitoAuthPlugin
  - AWSAuthUI
  - AWSDynamoDB
  - AWSMobileClient
  - AWSS3
  - AWSUserPoolsSignIn

SPEC REPOS:
  trunk:
    - Amplify
    - AmplifyPlugins
    - AWSAuthCore
    - AWSAuthUI
    - AWSCognitoIdentityProvider
    - AWSCognitoIdentityProviderASF
    - AWSCore
    - AWSDynamoDB
    - AWSMobileClient
    - AWSPluginsCore
    - AWSS3
    - AWSUserPoolsSignIn

SPEC CHECKSUMS:
  Amplify: e7dcabfb29a14ec8d3ff94e113519a192ca2d54d
  AmplifyPlugins: c08ffb54a66c68792bfea613c28bfd005ef4dfdf
  AWSAuthCore: 0d6d968ac2268e15837cf04797af6712bba0b153
  AWSAuthUI: b4e075ca14ab304cbd4629e34f90475fb8d791c1
  AWSCognitoIdentityProvider: dadeeb05318030d3e8f1def2ee08904dffa5fe04
  AWSCognitoIdentityProviderASF: b2acfd00db3b2aefdd6e024b6b1a6732ce0afa4c
  AWSCore: 13649d9063a6807ec37bde35c8f2da329d63d4e2
  AWSDynamoDB: 765a24040527a6685840d61c2e129c2e71a8767a
  AWSMobileClient: 33d96435589f693356ceb56893dc2f4f82aa645e
  AWSPluginsCore: 6265e87adf13164ad54b85e896e792bb574c1b1a
  AWSS3: a7fc64d7126d105699b2414e4e961abf7a4a34dc
  AWSUserPoolsSignIn: 5bf1cf37be9091b10534c6b7886625dea7d34a0e

PODFILE CHECKSUM: 99fa9affb9c54090cb06542c06b70d9d533e6780

COCOAPODS: 1.15.2
